
Microsoft Visual Studio Solution File, Format Version 12.00
# Visual Studio 15
VisualStudioVersion = 15.0.27428.1
MinimumVisualStudioVersion = 10.0.40219.1
Project("{FAE04EC0-301F-11D3-BF4B-00C04F79EFBC}") = "StoreData", "StoreData\StoreData.csproj", "{CF01DD3E-87EA-4D83-AF1C-9417979A9A73}"
EndProject
Project("{FAE04EC0-301F-11D3-BF4B-00C04F79EFBC}") = "StoreDataTests", "StoreDataTests\StoreDataTests.csproj", "{60707197-FFF9-43F1-B089-006B3B8C993B}"
EndProject
Global
	GlobalSection(SolutionConfigurationPlatforms) = preSolution
		Debug|Any CPU = Debug|Any CPU
		Release|Any CPU = Release|Any CPU
	EndGlobalSection
	GlobalSection(ProjectConfigurationPlatforms) = postSolution
		{CF01DD3E-87EA-4D83-AF1C-9417979A9A73}.Debug|Any CPU.ActiveCfg = Debug|Any CPU
		{CF01DD3E-87EA-4D83-AF1C-9417979A9A73}.Debug|Any CPU.Build.0 = Debug|Any CPU
		{CF01DD3E-87EA-4D83-AF1C-9417979A9A73}.Release|Any CPU.ActiveCfg = Release|Any CPU
		{CF01DD3E-87EA-4D83-AF1C-9417979A9A73}.Release|Any CPU.Build.0 = Release|Any CPU
		{60707197-FFF9-43F1-B089-006B3B8C993B}.Debug|Any CPU.ActiveCfg = Debug|Any CPU
		{60707197-FFF9-43F1-B089-006B3B8C993B}.Debug|Any CPU.Build.0 = Debug|Any CPU
		{60707197-FFF9-43F1-B089-006B3B8C993B}.Release|Any CPU.ActiveCfg = Release|Any CPU
		{60707197-FFF9-43F1-B089-006B3B8C993B}.Release|Any CPU.Build.0 = Release|Any CPU
	EndGlobalSection
	GlobalSection(SolutionProperties) = preSolution
		HideSolutionNode = FALSE
	EndGlobalSection
	GlobalSection(ExtensibilityGlobals) = postSolution
		SolutionGuid = {BD3F5F8B-213B-4FAE-A87F-E96259E5813A}
	EndGlobalSection
EndGlobal
