
Microsoft Visual Studio Solution File, Format Version 12.00
# Visual Studio 15
VisualStudioVersion = 15.0.27428.1
MinimumVisualStudioVersion = 10.0.40219.1
Project("{FAE04EC0-301F-11D3-BF4B-00C04F79EFBC}") = "Abstracts", "Abstracts\Abstracts.csproj", "{784FAA06-B48F-45CA-A2EF-A040DC67F743}"
EndProject
Global
	GlobalSection(SolutionConfigurationPlatforms) = preSolution
		Debug|Any CPU = Debug|Any CPU
		Release|Any CPU = Release|Any CPU
	EndGlobalSection
	GlobalSection(ProjectConfigurationPlatforms) = postSolution
		{784FAA06-B48F-45CA-A2EF-A040DC67F743}.Debug|Any CPU.ActiveCfg = Debug|Any CPU
		{784FAA06-B48F-45CA-A2EF-A040DC67F743}.Debug|Any CPU.Build.0 = Debug|Any CPU
		{784FAA06-B48F-45CA-A2EF-A040DC67F743}.Release|Any CPU.ActiveCfg = Release|Any CPU
		{784FAA06-B48F-45CA-A2EF-A040DC67F743}.Release|Any CPU.Build.0 = Release|Any CPU
	EndGlobalSection
	GlobalSection(SolutionProperties) = preSolution
		HideSolutionNode = FALSE
	EndGlobalSection
	GlobalSection(ExtensibilityGlobals) = postSolution
		SolutionGuid = {88F40D26-0159-4AE3-BB00-5DC63E5DAEAD}
	EndGlobalSection
EndGlobal
